
Microsoft Visual Studio Solution File, Format Version 12.00
# Visual Studio Version 17
VisualStudioVersion = 17.13.35919.96 d17.13
MinimumVisualStudioVersion = 10.0.40219.1
Project("{FAE04EC0-301F-11D3-BF4B-00C04F79EFBC}") = "MauiAppClimaTempos", "MauiAppClimaTempos.csproj", "{AF1A195C-C7B2-46DB-8A08-BE6BB905555B}"
EndProject
Global
	GlobalSection(SolutionConfigurationPlatforms) = preSolution
		Debug|Any CPU = Debug|Any CPU
		Release|Any CPU = Release|Any CPU
	EndGlobalSection
	GlobalSection(ProjectConfigurationPlatforms) = postSolution
		{AF1A195C-C7B2-46DB-8A08-BE6BB905555B}.Debug|Any CPU.ActiveCfg = Debug|Any CPU
		{AF1A195C-C7B2-46DB-8A08-BE6BB905555B}.Debug|Any CPU.Build.0 = Debug|Any CPU
		{AF1A195C-C7B2-46DB-8A08-BE6BB905555B}.Release|Any CPU.ActiveCfg = Release|Any CPU
		{AF1A195C-C7B2-46DB-8A08-BE6BB905555B}.Release|Any CPU.Build.0 = Release|Any CPU
	EndGlobalSection
	GlobalSection(SolutionProperties) = preSolution
		HideSolutionNode = FALSE
	EndGlobalSection
	GlobalSection(ExtensibilityGlobals) = postSolution
		SolutionGuid = {FCB1F575-832A-4C87-A84B-87D09AA9303C}
	EndGlobalSection
EndGlobal
